{
  "name": "obsidian-textanalysis",
  "version": "1.2.0",
  "lockfileVersion": 3,
  "requires": true,
  "packages": {
    "": {
      "name": "obsidian-textanalysis",
      "version": "1.2.0",
      "license": "MIT",
      "dependencies": {
        "obsidian": "^1.7.2",
        "syllable": "^5.0.1",
        "text-readability": "^1.1.0",
        "tslib": "^2.6.2"
      },
      "devDependencies": {
        "@types/node": "^22.9.1",
        "builtin-modules": "^4.0.0",
        "esbuild": "^0.19.0",
        "typescript": "^5.6.3"
      }
    },
    "node_modules/@codemirror/state": {
      "version": "6.4.1",
      "resolved": "https://registry.npmjs.org/@codemirror/state/-/state-6.4.1.tgz",
      "integrity": "sha512-QkEyUiLhsJoZkbumGZlswmAhA7CBU02Wrz7zvH4SrcifbsqwlXShVXg65f3v/ts57W3dqyamEriMhij1Z3Zz4A==",
      "peer": true
    },
    "node_modules/@codemirror/view": {
      "version": "6.35.0",
      "resolved": "https://registry.npmjs.org/@codemirror/view/-/view-6.35.0.tgz",
      "integrity": "sha512-I0tYy63q5XkaWsJ8QRv5h6ves7kvtrBWjBcnf/bzohFJQc5c14a1AQRdE8QpPF9eMp5Mq2FMm59TCj1gDfE7kw==",
      "peer": true,
      "dependencies": {
        "@codemirror/state": "^6.4.0",
        "style-mod": "^4.1.0",
        "w3c-keyname": "^2.2.4"
      }
    },
    "node_modules/@esbuild/aix-ppc64": {
      "version": "0.19.12",
      "resolved": "https://registry.npmjs.org/@esbuild/aix-ppc64/-/aix-ppc64-0.19.12.tgz",
      "integrity": "sha512-bmoCYyWdEL3wDQIVbcyzRyeKLgk2WtWLTWz1ZIAZF/EGbNOwSA6ew3PftJ1PqMiOOGu0OyFMzG53L0zqIpPeNA==",
      "cpu": [
        "ppc64"
      ],
      "dev": true,
      "optional": true,
      "os": [
        "aix"
      ],
      "engines": {
        "node": ">=12"
      }
    },
    "node_modules/@esbuild/android-arm": {
      "version": "0.19.12",
      "resolved": "https://registry.npmjs.org/@esbuild/android-arm/-/android-arm-0.19.12.tgz",
      "integrity": "sha512-qg/Lj1mu3CdQlDEEiWrlC4eaPZ1KztwGJ9B6J+/6G+/4ewxJg7gqj8eVYWvao1bXrqGiW2rsBZFSX3q2lcW05w==",
      "cpu": [
        "arm"
      ],
      "dev": true,
      "optional": true,
      "os": [
        "android"
      ],
      "engines": {
        "node": ">=12"
      }
    },
    "node_modules/@esbuild/android-arm64": {
      "version": "0.19.12",
      "resolved": "https://registry.npmjs.org/@esbuild/android-arm64/-/android-arm64-0.19.12.tgz",
      "integrity": "sha512-P0UVNGIienjZv3f5zq0DP3Nt2IE/3plFzuaS96vihvD0Hd6H/q4WXUGpCxD/E8YrSXfNyRPbpTq+T8ZQioSuPA==",
      "cpu": [
        "arm64"
      ],
      "dev": true,
      "optional": true,
      "os": [
        "android"
      ],
      "engines": {
        "node": ">=12"
      }
    },
    "node_modules/@esbuild/android-x64": {
      "version": "0.19.12",
      "resolved": "https://registry.npmjs.org/@esbuild/android-x64/-/android-x64-0.19.12.tgz",
      "integrity": "sha512-3k7ZoUW6Q6YqhdhIaq/WZ7HwBpnFBlW905Fa4s4qWJyiNOgT1dOqDiVAQFwBH7gBRZr17gLrlFCRzF6jFh7Kew==",
      "cpu": [
        "x64"
      ],
      "dev": true,
      "optional": true,
      "os": [
        "android"
      ],
      "engines": {
        "node": ">=12"
      }
    },
    "node_modules/@esbuild/darwin-arm64": {
      "version": "0.19.12",
      "resolved": "https://registry.npmjs.org/@esbuild/darwin-arm64/-/darwin-arm64-0.19.12.tgz",
      "integrity": "sha512-B6IeSgZgtEzGC42jsI+YYu9Z3HKRxp8ZT3cqhvliEHovq8HSX2YX8lNocDn79gCKJXOSaEot9MVYky7AKjCs8g==",
      "cpu": [
        "arm64"
      ],
      "dev": true,
      "optional": true,
      "os": [
        "darwin"
      ],
      "engines": {
        "node": ">=12"
      }
    },
    "node_modules/@esbuild/darwin-x64": {
      "version": "0.19.12",
      "resolved": "https://registry.npmjs.org/@esbuild/darwin-x64/-/darwin-x64-0.19.12.tgz",
      "integrity": "sha512-hKoVkKzFiToTgn+41qGhsUJXFlIjxI/jSYeZf3ugemDYZldIXIxhvwN6erJGlX4t5h417iFuheZ7l+YVn05N3A==",
      "cpu": [
        "x64"
      ],
      "dev": true,
      "optional": true,
      "os": [
        "darwin"
      ],
      "engines": {
        "node": ">=12"
      }
    },
    "node_modules/@esbuild/freebsd-arm64": {
      "version": "0.19.12",
      "resolved": "https://registry.npmjs.org/@esbuild/freebsd-arm64/-/freebsd-arm64-0.19.12.tgz",
      "integrity": "sha512-4aRvFIXmwAcDBw9AueDQ2YnGmz5L6obe5kmPT8Vd+/+x/JMVKCgdcRwH6APrbpNXsPz+K653Qg8HB/oXvXVukA==",
      "cpu": [
        "arm64"
      ],
      "dev": true,
      "optional": true,
      "os": [
        "freebsd"
      ],
      "engines": {
        "node": ">=12"
      }
    },
    "node_modules/@esbuild/freebsd-x64": {
      "version": "0.19.12",
      "resolved": "https://registry.npmjs.org/@esbuild/freebsd-x64/-/freebsd-x64-0.19.12.tgz",
      "integrity": "sha512-EYoXZ4d8xtBoVN7CEwWY2IN4ho76xjYXqSXMNccFSx2lgqOG/1TBPW0yPx1bJZk94qu3tX0fycJeeQsKovA8gg==",
      "cpu": [
        "x64"
      ],
      "dev": true,
      "optional": true,
      "os": [
        "freebsd"
      ],
      "engines": {
        "node": ">=12"
      }
    },
    "node_modules/@esbuild/linux-arm": {
      "version": "0.19.12",
      "resolved": "https://registry.npmjs.org/@esbuild/linux-arm/-/linux-arm-0.19.12.tgz",
      "integrity": "sha512-J5jPms//KhSNv+LO1S1TX1UWp1ucM6N6XuL6ITdKWElCu8wXP72l9MM0zDTzzeikVyqFE6U8YAV9/tFyj0ti+w==",
      "cpu": [
        "arm"
      ],
      "dev": true,
      "optional": true,
      "os": [
        "linux"
      ],
      "engines": {
        "node": ">=12"
      }
    },
    "node_modules/@esbuild/linux-arm64": {
      "version": "0.19.12",
      "resolved": "https://registry.npmjs.org/@esbuild/linux-arm64/-/linux-arm64-0.19.12.tgz",
      "integrity": "sha512-EoTjyYyLuVPfdPLsGVVVC8a0p1BFFvtpQDB/YLEhaXyf/5bczaGeN15QkR+O4S5LeJ92Tqotve7i1jn35qwvdA==",
      "cpu": [
        "arm64"
      ],
      "dev": true,
      "optional": true,
      "os": [
        "linux"
      ],
      "engines": {
        "node": ">=12"
      }
    },
    "node_modules/@esbuild/linux-ia32": {
      "version": "0.19.12",
      "resolved": "https://registry.npmjs.org/@esbuild/linux-ia32/-/linux-ia32-0.19.12.tgz",
      "integrity": "sha512-Thsa42rrP1+UIGaWz47uydHSBOgTUnwBwNq59khgIwktK6x60Hivfbux9iNR0eHCHzOLjLMLfUMLCypBkZXMHA==",
      "cpu": [
        "ia32"
      ],
      "dev": true,
      "optional": true,
      "os": [
        "linux"
      ],
      "engines": {
        "node": ">=12"
      }
    },
    "node_modules/@esbuild/linux-loong64": {
      "version": "0.19.12",
      "resolved": "https://registry.npmjs.org/@esbuild/linux-loong64/-/linux-loong64-0.19.12.tgz",
      "integrity": "sha512-LiXdXA0s3IqRRjm6rV6XaWATScKAXjI4R4LoDlvO7+yQqFdlr1Bax62sRwkVvRIrwXxvtYEHHI4dm50jAXkuAA==",
      "cpu": [
        "loong64"
      ],
      "dev": true,
      "optional": true,
      "os": [
        "linux"
      ],
      "engines": {
        "node": ">=12"
      }
    },
    "node_modules/@esbuild/linux-mips64el": {
      "version": "0.19.12",
      "resolved": "https://registry.npmjs.org/@esbuild/linux-mips64el/-/linux-mips64el-0.19.12.tgz",
      "integrity": "sha512-fEnAuj5VGTanfJ07ff0gOA6IPsvrVHLVb6Lyd1g2/ed67oU1eFzL0r9WL7ZzscD+/N6i3dWumGE1Un4f7Amf+w==",
      "cpu": [
        "mips64el"
      ],
      "dev": true,
      "optional": true,
      "os": [
        "linux"
      ],
      "engines": {
        "node": ">=12"
      }
    },
    "node_modules/@esbuild/linux-ppc64": {
      "version": "0.19.12",
      "resolved": "https://registry.npmjs.org/@esbuild/linux-ppc64/-/linux-ppc64-0.19.12.tgz",
      "integrity": "sha512-nYJA2/QPimDQOh1rKWedNOe3Gfc8PabU7HT3iXWtNUbRzXS9+vgB0Fjaqr//XNbd82mCxHzik2qotuI89cfixg==",
      "cpu": [
        "ppc64"
      ],
      "dev": true,
      "optional": true,
      "os": [
        "linux"
      ],
      "engines": {
        "node": ">=12"
      }
    },
    "node_modules/@esbuild/linux-riscv64": {
      "version": "0.19.12",
      "resolved": "https://registry.npmjs.org/@esbuild/linux-riscv64/-/linux-riscv64-0.19.12.tgz",
      "integrity": "sha512-2MueBrlPQCw5dVJJpQdUYgeqIzDQgw3QtiAHUC4RBz9FXPrskyyU3VI1hw7C0BSKB9OduwSJ79FTCqtGMWqJHg==",
      "cpu": [
        "riscv64"
      ],
      "dev": true,
      "optional": true,
      "os": [
        "linux"
      ],
      "engines": {
        "node": ">=12"
      }
    },
    "node_modules/@esbuild/linux-s390x": {
      "version": "0.19.12",
      "resolved": "https://registry.npmjs.org/@esbuild/linux-s390x/-/linux-s390x-0.19.12.tgz",
      "integrity": "sha512-+Pil1Nv3Umes4m3AZKqA2anfhJiVmNCYkPchwFJNEJN5QxmTs1uzyy4TvmDrCRNT2ApwSari7ZIgrPeUx4UZDg==",
      "cpu": [
        "s390x"
      ],
      "dev": true,
      "optional": true,
      "os": [
        "linux"
      ],
      "engines": {
        "node": ">=12"
      }
    },
    "node_modules/@esbuild/linux-x64": {
      "version": "0.19.12",
      "resolved": "https://registry.npmjs.org/@esbuild/linux-x64/-/linux-x64-0.19.12.tgz",
      "integrity": "sha512-B71g1QpxfwBvNrfyJdVDexenDIt1CiDN1TIXLbhOw0KhJzE78KIFGX6OJ9MrtC0oOqMWf+0xop4qEU8JrJTwCg==",
      "cpu": [
        "x64"
      ],
      "dev": true,
      "optional": true,
      "os": [
        "linux"
      ],
      "engines": {
        "node": ">=12"
      }
    },
    "node_modules/@esbuild/netbsd-x64": {
      "version": "0.19.12",
      "resolved": "https://registry.npmjs.org/@esbuild/netbsd-x64/-/netbsd-x64-0.19.12.tgz",
      "integrity": "sha512-3ltjQ7n1owJgFbuC61Oj++XhtzmymoCihNFgT84UAmJnxJfm4sYCiSLTXZtE00VWYpPMYc+ZQmB6xbSdVh0JWA==",
      "cpu": [
        "x64"
      ],
      "dev": true,
      "optional": true,
      "os": [
        "netbsd"
      ],
      "engines": {
        "node": ">=12"
      }
    },
    "node_modules/@esbuild/openbsd-x64": {
      "version": "0.19.12",
      "resolved": "https://registry.npmjs.org/@esbuild/openbsd-x64/-/openbsd-x64-0.19.12.tgz",
      "integrity": "sha512-RbrfTB9SWsr0kWmb9srfF+L933uMDdu9BIzdA7os2t0TXhCRjrQyCeOt6wVxr79CKD4c+p+YhCj31HBkYcXebw==",
      "cpu": [
        "x64"
      ],
      "dev": true,
      "optional": true,
      "os": [
        "openbsd"
      ],
      "engines": {
        "node": ">=12"
      }
    },
    "node_modules/@esbuild/sunos-x64": {
      "version": "0.19.12",
      "resolved": "https://registry.npmjs.org/@esbuild/sunos-x64/-/sunos-x64-0.19.12.tgz",
      "integrity": "sha512-HKjJwRrW8uWtCQnQOz9qcU3mUZhTUQvi56Q8DPTLLB+DawoiQdjsYq+j+D3s9I8VFtDr+F9CjgXKKC4ss89IeA==",
      "cpu": [
        "x64"
      ],
      "dev": true,
      "optional": true,
      "os": [
        "sunos"
      ],
      "engines": {
        "node": ">=12"
      }
    },
    "node_modules/@esbuild/win32-arm64": {
      "version": "0.19.12",
      "resolved": "https://registry.npmjs.org/@esbuild/win32-arm64/-/win32-arm64-0.19.12.tgz",
      "integrity": "sha512-URgtR1dJnmGvX864pn1B2YUYNzjmXkuJOIqG2HdU62MVS4EHpU2946OZoTMnRUHklGtJdJZ33QfzdjGACXhn1A==",
      "cpu": [
        "arm64"
      ],
      "dev": true,
      "optional": true,
      "os": [
        "win32"
      ],
      "engines": {
        "node": ">=12"
      }
    },
    "node_modules/@esbuild/win32-ia32": {
      "version": "0.19.12",
      "resolved": "https://registry.npmjs.org/@esbuild/win32-ia32/-/win32-ia32-0.19.12.tgz",
      "integrity": "sha512-+ZOE6pUkMOJfmxmBZElNOx72NKpIa/HFOMGzu8fqzQJ5kgf6aTGrcJaFsNiVMH4JKpMipyK+7k0n2UXN7a8YKQ==",
      "cpu": [
        "ia32"
      ],
      "dev": true,
      "optional": true,
      "os": [
        "win32"
      ],
      "engines": {
        "node": ">=12"
      }
    },
    "node_modules/@esbuild/win32-x64": {
      "version": "0.19.12",
      "resolved": "https://registry.npmjs.org/@esbuild/win32-x64/-/win32-x64-0.19.12.tgz",
      "integrity": "sha512-T1QyPSDCyMXaO3pzBkF96E8xMkiRYbUEZADd29SyPGabqxMViNoii+NcK7eWJAEoU6RZyEm5lVSIjTmcdoB9HA==",
      "cpu": [
        "x64"
      ],
      "dev": true,
      "optional": true,
      "os": [
        "win32"
      ],
      "engines": {
        "node": ">=12"
      }
    },
    "node_modules/@types/codemirror": {
      "version": "5.60.8",
      "resolved": "https://registry.npmjs.org/@types/codemirror/-/codemirror-5.60.8.tgz",
      "integrity": "sha512-VjFgDF/eB+Aklcy15TtOTLQeMjTo07k7KAjql8OK5Dirr7a6sJY4T1uVBDuTVG9VEmn1uUsohOpYnVfgC6/jyw==",
      "dependencies": {
        "@types/tern": "*"
      }
    },
    "node_modules/@types/estree": {
      "version": "1.0.6",
      "resolved": "https://registry.npmjs.org/@types/estree/-/estree-1.0.6.tgz",
      "integrity": "sha512-AYnb1nQyY49te+VRAVgmzfcgjYS91mY5P0TKUDCLEM+gNnA+3T6rWITXRLYCpahpqSQbN5cE+gHpnPyXjHWxcw=="
    },
    "node_modules/@types/node": {
      "version": "22.9.1",
      "resolved": "https://registry.npmjs.org/@types/node/-/node-22.9.1.tgz",
      "integrity": "sha512-p8Yy/8sw1caA8CdRIQBG5tiLHmxtQKObCijiAa9Ez+d4+PRffM4054xbju0msf+cvhJpnFEeNjxmVT/0ipktrg==",
      "dev": true,
      "dependencies": {
        "undici-types": "~6.19.8"
      }
    },
    "node_modules/@types/pluralize": {
      "version": "0.0.29",
      "resolved": "https://registry.npmjs.org/@types/pluralize/-/pluralize-0.0.29.tgz",
      "integrity": "sha512-BYOID+l2Aco2nBik+iYS4SZX0Lf20KPILP5RGmM1IgzdwNdTs0eebiFriOPcej1sX9mLnSoiNte5zcFxssgpGA=="
    },
    "node_modules/@types/tern": {
      "version": "0.23.9",
      "resolved": "https://registry.npmjs.org/@types/tern/-/tern-0.23.9.tgz",
      "integrity": "sha512-ypzHFE/wBzh+BlH6rrBgS5I/Z7RD21pGhZ2rltb/+ZrVM1awdZwjx7hE5XfuYgHWk9uvV5HLZN3SloevCAp3Bw==",
      "dependencies": {
        "@types/estree": "*"
      }
    },
    "node_modules/builtin-modules": {
      "version": "4.0.0",
      "resolved": "https://registry.npmjs.org/builtin-modules/-/builtin-modules-4.0.0.tgz",
      "integrity": "sha512-p1n8zyCkt1BVrKNFymOHjcDSAl7oq/gUvfgULv2EblgpPVQlQr9yHnWjg9IJ2MhfwPqiYqMMrr01OY7yQoK2yA==",
      "dev": true,
      "engines": {
        "node": ">=18.20"
      },
      "funding": {
        "url": "https://github.com/sponsors/sindresorhus"
      }
    },
    "node_modules/esbuild": {
      "version": "0.19.12",
      "resolved": "https://registry.npmjs.org/esbuild/-/esbuild-0.19.12.tgz",
      "integrity": "sha512-aARqgq8roFBj054KvQr5f1sFu0D65G+miZRCuJyJ0G13Zwx7vRar5Zhn2tkQNzIXcBrNVsv/8stehpj+GAjgbg==",
      "dev": true,
      "hasInstallScript": true,
      "bin": {
        "esbuild": "bin/esbuild"
      },
      "engines": {
        "node": ">=12"
      },
      "optionalDependencies": {
        "@esbuild/aix-ppc64": "0.19.12",
        "@esbuild/android-arm": "0.19.12",
        "@esbuild/android-arm64": "0.19.12",
        "@esbuild/android-x64": "0.19.12",
        "@esbuild/darwin-arm64": "0.19.12",
        "@esbuild/darwin-x64": "0.19.12",
        "@esbuild/freebsd-arm64": "0.19.12",
        "@esbuild/freebsd-x64": "0.19.12",
        "@esbuild/linux-arm": "0.19.12",
        "@esbuild/linux-arm64": "0.19.12",
        "@esbuild/linux-ia32": "0.19.12",
        "@esbuild/linux-loong64": "0.19.12",
        "@esbuild/linux-mips64el": "0.19.12",
        "@esbuild/linux-ppc64": "0.19.12",
        "@esbuild/linux-riscv64": "0.19.12",
        "@esbuild/linux-s390x": "0.19.12",
        "@esbuild/linux-x64": "0.19.12",
        "@esbuild/netbsd-x64": "0.19.12",
        "@esbuild/openbsd-x64": "0.19.12",
        "@esbuild/sunos-x64": "0.19.12",
        "@esbuild/win32-arm64": "0.19.12",
        "@esbuild/win32-ia32": "0.19.12",
        "@esbuild/win32-x64": "0.19.12"
      }
    },
    "node_modules/moment": {
      "version": "2.29.4",
      "resolved": "https://registry.npmjs.org/moment/-/moment-2.29.4.tgz",
      "integrity": "sha512-5LC9SOxjSc2HF6vO2CyuTDNivEdoz2IvyJJGj6X8DJ0eFyfszE0QiEd+iXmBvUP3WHxSjFH/vIsA0EN00cgr8w==",
      "engines": {
        "node": "*"
      }
    },
    "node_modules/normalize-strings": {
      "version": "1.1.1",
      "resolved": "https://registry.npmjs.org/normalize-strings/-/normalize-strings-1.1.1.tgz",
      "integrity": "sha512-fARPRdTwmrQDLYhmeh7j/eZwrCP6WzxD6uKOdK/hT/uKACAE9AG2Bc2dgqOZLkfmmctHpfcJ9w3AQnfLgg3GYg=="
    },
    "node_modules/obsidian": {
      "version": "1.7.2",
      "resolved": "https://registry.npmjs.org/obsidian/-/obsidian-1.7.2.tgz",
      "integrity": "sha512-k9hN9brdknJC+afKr5FQzDRuEFGDKbDjfCazJwpgibwCAoZNYHYV8p/s3mM8I6AsnKrPKNXf8xGuMZ4enWelZQ==",
      "dependencies": {
        "@types/codemirror": "5.60.8",
        "moment": "2.29.4"
      },
      "peerDependencies": {
        "@codemirror/state": "^6.0.0",
        "@codemirror/view": "^6.0.0"
      }
    },
    "node_modules/pluralize": {
      "version": "8.0.0",
      "resolved": "https://registry.npmjs.org/pluralize/-/pluralize-8.0.0.tgz",
      "integrity": "sha512-Nc3IT5yHzflTfbjgqWcCPpo7DaKy4FnpB0l/zCAW0Tc7jxAiuqSxHasntB3D7887LSrA93kDJ9IXovxJYxyLCA==",
      "engines": {
        "node": ">=4"
      }
    },
    "node_modules/style-mod": {
      "version": "4.1.2",
      "resolved": "https://registry.npmjs.org/style-mod/-/style-mod-4.1.2.tgz",
      "integrity": "sha512-wnD1HyVqpJUI2+eKZ+eo1UwghftP6yuFheBqqe+bWCotBjC2K1YnteJILRMs3SM4V/0dLEW1SC27MWP5y+mwmw==",
      "peer": true
    },
    "node_modules/syllable": {
      "version": "5.0.1",
      "resolved": "https://registry.npmjs.org/syllable/-/syllable-5.0.1.tgz",
      "integrity": "sha512-HWtNCp6v7J8H0lrT8j1HHjfOLltRoDcC7QRFVu25p4BE52JqetXG65nqC7CsatT8WQRfY4Qvh93BWJIUxbmXFg==",
      "dependencies": {
        "@types/pluralize": "^0.0.29",
        "normalize-strings": "^1.1.0",
        "pluralize": "^8.0.0"
      },
      "bin": {
        "syllable": "cli.js"
      },
      "funding": {
        "type": "github",
        "url": "https://github.com/sponsors/wooorm"
      }
    },
    "node_modules/text-readability": {
      "version": "1.1.0",
      "resolved": "https://registry.npmjs.org/text-readability/-/text-readability-1.1.0.tgz",
      "integrity": "sha512-I1kqUJX8nJwzCvCZSV945sjisi4NBnwZ5iwzzdsRXbqH8fKqhjwZMGdBm01UMb1K1EWrJ7jFozjXUobs7JZA6g==",
      "dependencies": {
        "pluralize": "^8.0.0",
        "syllable": "^5.0.1"
      }
    },
    "node_modules/tslib": {
      "version": "2.8.1",
      "resolved": "https://registry.npmjs.org/tslib/-/tslib-2.8.1.tgz",
      "integrity": "sha512-oJFu94HQb+KVduSUQL7wnpmqnfmLsOA/nAh6b6EH0wCEoK0/mPeXU6c3wKDV83MkOuHPRHtSXKKU99IBazS/2w=="
    },
    "node_modules/typescript": {
      "version": "5.6.3",
      "resolved": "https://registry.npmjs.org/typescript/-/typescript-5.6.3.tgz",
      "integrity": "sha512-hjcS1mhfuyi4WW8IWtjP7brDrG2cuDZukyrYrSauoXGNgx0S7zceP07adYkJycEr56BOUTNPzbInooiN3fn1qw==",
      "dev": true,
      "bin": {
        "tsc": "bin/tsc",
        "tsserver": "bin/tsserver"
      },
      "engines": {
        "node": ">=14.17"
      }
    },
    "node_modules/undici-types": {
      "version": "6.19.8",
      "resolved": "https://registry.npmjs.org/undici-types/-/undici-types-6.19.8.tgz",
      "integrity": "sha512-ve2KP6f/JnbPBFyobGHuerC9g1FYGn/F8n1LWTwNxCEzd6IfqTwUQcNXgEtmmQ6DlRrC1hrSrBnCZPokRrDHjw==",
      "dev": true
    },
    "node_modules/w3c-keyname": {
      "version": "2.2.8",
      "resolved": "https://registry.npmjs.org/w3c-keyname/-/w3c-keyname-2.2.8.tgz",
      "integrity": "sha512-dpojBhNsCNN7T82Tm7k26A6G9ML3NkhDsnw9n/eoxSRlVBB4CEtIQ/KTCLI2Fwf3ataSXRhYFkQi3SlnFwPvPQ==",
      "peer": true
    }
  }
}
